
Microsoft Visual Studio Solution File, Format Version 12.00
# Visual Studio 14
VisualStudioVersion = 14.0.25420.1
MinimumVisualStudioVersion = 10.0.40219.1
Project("{FAE04EC0-301F-11D3-BF4B-00C04F79EFBC}") = "DAL", "DAL\DAL.csproj", "{26564DCE-1BD5-470A-81AA-779BF829EDFA}"
EndProject
Project("{2150E333-8FDC-42A3-9474-1A3956D46DE8}") = "Solution Items", "Solution Items", "{6EE8D6DE-4AA1-4ACD-ADDB-55BF95F03FB7}"
	ProjectSection(SolutionItems) = preProject
		.gitattributes = .gitattributes
		.gitignore = .gitignore
		appveyor.yml = appveyor.yml
		deploy_docs.ps1 = deploy_docs.ps1
		README.md = README.md
	EndProjectSection
EndProject
Project("{2150E333-8FDC-42A3-9474-1A3956D46DE8}") = "Tests", "Tests", "{BB3BC04F-E1EF-46CB-BA44-55EC2F2F54AC}"
EndProject
Project("{7CF6DF6D-3B04-46F8-A40B-537D21BCA0B4}") = "Documentation", "Documentation\Documentation.shfbproj", "{21290507-D722-42D4-90A7-1547719BE48A}"
EndProject
Project("{FAE04EC0-301F-11D3-BF4B-00C04F79EFBC}") = "BLL", "BLL\BLL.csproj", "{E31ED704-719A-46AA-9929-6F7A16179438}"
EndProject
Project("{8BB2217D-0F2D-49D1-97BC-3654ED321F3B}") = "Web", "Web\Web.xproj", "{1A1AFC9D-C0B7-4CFF-8B94-C5442BDE700B}"
EndProject
Project("{FAE04EC0-301F-11D3-BF4B-00C04F79EFBC}") = "Core", "Core\Core.csproj", "{EE5DD6A9-C68E-4107-A4B7-9BD8320B635A}"
EndProject
Project("{FAE04EC0-301F-11D3-BF4B-00C04F79EFBC}") = "BLL.Tests", "BLL.Tests\BLL.Tests.csproj", "{4DDD2BEB-6C76-4301-8357-7AB4D502C93A}"
EndProject
Project("{FAE04EC0-301F-11D3-BF4B-00C04F79EFBC}") = "Common", "Common\Common.csproj", "{AE521555-CEE0-4903-B34C-34F6781AE5E6}"
EndProject
Project("{FAE04EC0-301F-11D3-BF4B-00C04F79EFBC}") = "Resolver", "Resolver\Resolver.csproj", "{AECFF6FA-0050-4A14-800A-4945CDC5885A}"
EndProject
Global
	GlobalSection(SolutionConfigurationPlatforms) = preSolution
		Debug|Any CPU = Debug|Any CPU
		Release|Any CPU = Release|Any CPU
	EndGlobalSection
	GlobalSection(ProjectConfigurationPlatforms) = postSolution
		{26564DCE-1BD5-470A-81AA-779BF829EDFA}.Debug|Any CPU.ActiveCfg = Debug|Any CPU
		{26564DCE-1BD5-470A-81AA-779BF829EDFA}.Debug|Any CPU.Build.0 = Debug|Any CPU
		{26564DCE-1BD5-470A-81AA-779BF829EDFA}.Release|Any CPU.ActiveCfg = Release|Any CPU
		{26564DCE-1BD5-470A-81AA-779BF829EDFA}.Release|Any CPU.Build.0 = Release|Any CPU
		{21290507-D722-42D4-90A7-1547719BE48A}.Debug|Any CPU.ActiveCfg = Debug|Any CPU
		{21290507-D722-42D4-90A7-1547719BE48A}.Debug|Any CPU.Build.0 = Debug|Any CPU
		{21290507-D722-42D4-90A7-1547719BE48A}.Release|Any CPU.ActiveCfg = Release|Any CPU
		{21290507-D722-42D4-90A7-1547719BE48A}.Release|Any CPU.Build.0 = Release|Any CPU
		{E31ED704-719A-46AA-9929-6F7A16179438}.Debug|Any CPU.ActiveCfg = Debug|Any CPU
		{E31ED704-719A-46AA-9929-6F7A16179438}.Debug|Any CPU.Build.0 = Debug|Any CPU
		{E31ED704-719A-46AA-9929-6F7A16179438}.Release|Any CPU.ActiveCfg = Release|Any CPU
		{E31ED704-719A-46AA-9929-6F7A16179438}.Release|Any CPU.Build.0 = Release|Any CPU
		{1A1AFC9D-C0B7-4CFF-8B94-C5442BDE700B}.Debug|Any CPU.ActiveCfg = Debug|Any CPU
		{1A1AFC9D-C0B7-4CFF-8B94-C5442BDE700B}.Debug|Any CPU.Build.0 = Debug|Any CPU
		{1A1AFC9D-C0B7-4CFF-8B94-C5442BDE700B}.Release|Any CPU.ActiveCfg = Release|Any CPU
		{1A1AFC9D-C0B7-4CFF-8B94-C5442BDE700B}.Release|Any CPU.Build.0 = Release|Any CPU
		{EE5DD6A9-C68E-4107-A4B7-9BD8320B635A}.Debug|Any CPU.ActiveCfg = Debug|Any CPU
		{EE5DD6A9-C68E-4107-A4B7-9BD8320B635A}.Debug|Any CPU.Build.0 = Debug|Any CPU
		{EE5DD6A9-C68E-4107-A4B7-9BD8320B635A}.Release|Any CPU.ActiveCfg = Release|Any CPU
		{EE5DD6A9-C68E-4107-A4B7-9BD8320B635A}.Release|Any CPU.Build.0 = Release|Any CPU
		{4DDD2BEB-6C76-4301-8357-7AB4D502C93A}.Debug|Any CPU.ActiveCfg = Debug|Any CPU
		{4DDD2BEB-6C76-4301-8357-7AB4D502C93A}.Debug|Any CPU.Build.0 = Debug|Any CPU
		{4DDD2BEB-6C76-4301-8357-7AB4D502C93A}.Release|Any CPU.ActiveCfg = Release|Any CPU
		{4DDD2BEB-6C76-4301-8357-7AB4D502C93A}.Release|Any CPU.Build.0 = Release|Any CPU
		{AE521555-CEE0-4903-B34C-34F6781AE5E6}.Debug|Any CPU.ActiveCfg = Debug|Any CPU
		{AE521555-CEE0-4903-B34C-34F6781AE5E6}.Debug|Any CPU.Build.0 = Debug|Any CPU
		{AE521555-CEE0-4903-B34C-34F6781AE5E6}.Release|Any CPU.ActiveCfg = Release|Any CPU
		{AE521555-CEE0-4903-B34C-34F6781AE5E6}.Release|Any CPU.Build.0 = Release|Any CPU
		{AECFF6FA-0050-4A14-800A-4945CDC5885A}.Debug|Any CPU.ActiveCfg = Debug|Any CPU
		{AECFF6FA-0050-4A14-800A-4945CDC5885A}.Debug|Any CPU.Build.0 = Debug|Any CPU
		{AECFF6FA-0050-4A14-800A-4945CDC5885A}.Release|Any CPU.ActiveCfg = Release|Any CPU
		{AECFF6FA-0050-4A14-800A-4945CDC5885A}.Release|Any CPU.Build.0 = Release|Any CPU
	EndGlobalSection
	GlobalSection(SolutionProperties) = preSolution
		HideSolutionNode = FALSE
	EndGlobalSection
	GlobalSection(NestedProjects) = preSolution
		{4DDD2BEB-6C76-4301-8357-7AB4D502C93A} = {BB3BC04F-E1EF-46CB-BA44-55EC2F2F54AC}
	EndGlobalSection
EndGlobal
